
Microsoft Visual Studio Solution File, Format Version 12.00
# Visual Studio Version 17
VisualStudioVersion = 17.14.36414.22 d17.14
MinimumVisualStudioVersion = 10.0.40219.1
Project("{FAE04EC0-301F-11D3-BF4B-00C04F79EFBC}") = "txat_aurreratua", "txat_aurreratua.csproj", "{06823F15-5209-418D-A744-01390449E400}"
EndProject
Global
	GlobalSection(SolutionConfigurationPlatforms) = preSolution
		Debug|Any CPU = Debug|Any CPU
		Release|Any CPU = Release|Any CPU
	EndGlobalSection
	GlobalSection(ProjectConfigurationPlatforms) = postSolution
		{06823F15-5209-418D-A744-01390449E400}.Debug|Any CPU.ActiveCfg = Debug|Any CPU
		{06823F15-5209-418D-A744-01390449E400}.Debug|Any CPU.Build.0 = Debug|Any CPU
		{06823F15-5209-418D-A744-01390449E400}.Release|Any CPU.ActiveCfg = Release|Any CPU
		{06823F15-5209-418D-A744-01390449E400}.Release|Any CPU.Build.0 = Release|Any CPU
	EndGlobalSection
	GlobalSection(SolutionProperties) = preSolution
		HideSolutionNode = FALSE
	EndGlobalSection
	GlobalSection(ExtensibilityGlobals) = postSolution
		SolutionGuid = {EC1E15DD-BD83-4E4F-83CB-04CC1D13EFCA}
	EndGlobalSection
EndGlobal
